// !$*UTF8*$!
{
	archiveVersion = 1;
	classes = {
	};
	objectVersion = 56;
	objects = {

/* Begin PBXBuildFile section */
		F5003C17293A426E0099D31D /* LatinPortfolioThingApp.swift in Sources */ = {isa = PBXBuildFile; fileRef = F5003C16293A426E0099D31D /* LatinPortfolioThingApp.swift */; };
		F5003C19293A426E0099D31D /* ProfileView.swift in Sources */ = {isa = PBXBuildFile; fileRef = F5003C18293A426E0099D31D /* ProfileView.swift */; };
		F5003C1B293A42730099D31D /* Assets.xcassets in Resources */ = {isa = PBXBuildFile; fileRef = F5003C1A293A42730099D31D /* Assets.xcassets */; };
		F5003C1E293A42730099D31D /* Preview Assets.xcassets in Resources */ = {isa = PBXBuildFile; fileRef = F5003C1D293A42730099D31D /* Preview Assets.xcassets */; };
		F5003C28293A43FA0099D31D /* Work.swift in Sources */ = {isa = PBXBuildFile; fileRef = F5003C27293A43FA0099D31D /* Work.swift */; };
		F5003C2A293A46850099D31D /* WorkData.swift in Sources */ = {isa = PBXBuildFile; fileRef = F5003C29293A46850099D31D /* WorkData.swift */; };
		F5003C2C293A4C4C0099D31D /* WorksListView.swift in Sources */ = {isa = PBXBuildFile; fileRef = F5003C2B293A4C4C0099D31D /* WorksListView.swift */; };
		F5003C2E293A4E900099D31D /* WorkDetailView.swift in Sources */ = {isa = PBXBuildFile; fileRef = F5003C2D293A4E900099D31D /* WorkDetailView.swift */; };
/* End PBXBuildFile section */

/* Begin PBXFileReference section */
		F5003C13293A426E0099D31D /* LatinPortfolioThing.app */ = {isa = PBXFileReference; explicitFileType = wrapper.application; includeInIndex = 0; path = LatinPortfolioThing.app; sourceTree = BUILT_PRODUCTS_DIR; };
		F5003C16293A426E0099D31D /* LatinPortfolioThingApp.swift */ = {isa = PBXFileReference; lastKnownFileType = sourcecode.swift; path = LatinPortfolioThingApp.swift; sourceTree = "<group>"; };
		F5003C18293A426E0099D31D /* ProfileView.swift */ = {isa = PBXFileReference; lastKnownFileType = sourcecode.swift; path = ProfileView.swift; sourceTree = "<group>"; };
		F5003C1A293A42730099D31D /* Assets.xcassets */ = {isa = PBXFileReference; lastKnownFileType = folder.assetcatalog; path = Assets.xcassets; sourceTree = "<group>"; };
		F5003C1D293A42730099D31D /* Preview Assets.xcassets */ = {isa = PBXFileReference; lastKnownFileType = folder.assetcatalog; path = "Preview Assets.xcassets"; sourceTree = "<group>"; };
		F5003C27293A43FA0099D31D /* Work.swift */ = {isa = PBXFileReference; lastKnownFileType = sourcecode.swift; path = Work.swift; sourceTree = "<group>"; };
		F5003C29293A46850099D31D /* WorkData.swift */ = {isa = PBXFileReference; lastKnownFileType = sourcecode.swift; path = WorkData.swift; sourceTree = "<group>"; };
		F5003C2B293A4C4C0099D31D /* WorksListView.swift */ = {isa = PBXFileReference; lastKnownFileType = sourcecode.swift; path = WorksListView.swift; sourceTree = "<group>"; };
		F5003C2D293A4E900099D31D /* WorkDetailView.swift */ = {isa = PBXFileReference; lastKnownFileType = sourcecode.swift; path = WorkDetailView.swift; sourceTree = "<group>"; };
/* End PBXFileReference section */

/* Begin PBXFrameworksBuildPhase section */
		F5003C10293A426E0099D31D /* Frameworks */ = {
			isa = PBXFrameworksBuildPhase;
			buildActionMask = 2147483647;
			files = (
			);
			runOnlyForDeploymentPostprocessing = 0;
		};
/* End PBXFrameworksBuildPhase section */

/* Begin PBXGroup section */
		F5003C0A293A426E0099D31D = {
			isa = PBXGroup;
			children = (
				F5003C15293A426E0099D31D /* LatinPortfolioThing */,
				F5003C14293A426E0099D31D /* Products */,
			);
			sourceTree = "<group>";
		};
		F5003C14293A426E0099D31D /* Products */ = {
			isa = PBXGroup;
			children = (
				F5003C13293A426E0099D31D /* LatinPortfolioThing.app */,
			);
			name = Products;
			sourceTree = "<group>";
		};
		F5003C15293A426E0099D31D /* LatinPortfolioThing */ = {
			isa = PBXGroup;
			children = (
				F5003C16293A426E0099D31D /* LatinPortfolioThingApp.swift */,
				F5003C26293A42A60099D31D /* ViewModels */,
				F5003C25293A429E0099D31D /* Models */,
				F5003C24293A42950099D31D /* Views */,
				F5003C1A293A42730099D31D /* Assets.xcassets */,
				F5003C1C293A42730099D31D /* Preview Content */,
			);
			path = LatinPortfolioThing;
			sourceTree = "<group>";
		};
		F5003C1C293A42730099D31D /* Preview Content */ = {
			isa = PBXGroup;
			children = (
				F5003C1D293A42730099D31D /* Preview Assets.xcassets */,
			);
			path = "Preview Content";
			sourceTree = "<group>";
		};
		F5003C24293A42950099D31D /* Views */ = {
			isa = PBXGroup;
			children = (
				F5003C18293A426E0099D31D /* ProfileView.swift */,
				F5003C2B293A4C4C0099D31D /* WorksListView.swift */,
				F5003C2D293A4E900099D31D /* WorkDetailView.swift */,
			);
			path = Views;
			sourceTree = "<group>";
		};
		F5003C25293A429E0099D31D /* Models */ = {
			isa = PBXGroup;
			children = (
				F5003C27293A43FA0099D31D /* Work.swift */,
			);
			path = Models;
			sourceTree = "<group>";
		};
		F5003C26293A42A60099D31D /* ViewModels */ = {
			isa = PBXGroup;
			children = (
				F5003C29293A46850099D31D /* WorkData.swift */,
			);
			path = ViewModels;
			sourceTree = "<group>";
		};
/* End PBXGroup section */

/* Begin PBXNativeTarget section */
		F5003C12293A426E0099D31D /* LatinPortfolioThing */ = {
			isa = PBXNativeTarget;
			buildConfigurationList = F5003C21293A42730099D31D /* Build configuration list for PBXNativeTarget "LatinPortfolioThing" */;
			buildPhases = (
				F5003C0F293A426E0099D31D /* Sources */,
				F5003C10293A426E0099D31D /* Frameworks */,
				F5003C11293A426E0099D31D /* Resources */,
			);
			buildRules = (
			);
			dependencies = (
			);
			name = LatinPortfolioThing;
			productName = LatinPortfolioThing;
			productReference = F5003C13293A426E0099D31D /* LatinPortfolioThing.app */;
			productType = "com.apple.product-type.application";
		};
/* End PBXNativeTarget section */

/* Begin PBXProject section */
		F5003C0B293A426E0099D31D /* Project object */ = {
			isa = PBXProject;
			attributes = {
				BuildIndependentTargetsInParallel = 1;
				LastSwiftUpdateCheck = 1400;
				LastUpgradeCheck = 1400;
				TargetAttributes = {
					F5003C12293A426E0099D31D = {
						CreatedOnToolsVersion = 14.0.1;
					};
				};
			};
			buildConfigurationList = F5003C0E293A426E0099D31D /* Build configuration list for PBXProject "LatinPortfolioThing" */;
			compatibilityVersion = "Xcode 14.0";
			developmentRegion = en;
			hasScannedForEncodings = 0;
			knownRegions = (
				en,
				Base,
			);
			mainGroup = F5003C0A293A426E0099D31D;
			productRefGroup = F5003C14293A426E0099D31D /* Products */;
			projectDirPath = "";
			projectRoot = "";
			targets = (
				F5003C12293A426E0099D31D /* LatinPortfolioThing */,
			);
		};
/* End PBXProject section */

/* Begin PBXResourcesBuildPhase section */
		F5003C11293A426E0099D31D /* Resources */ = {
			isa = PBXResourcesBuildPhase;
			buildActionMask = 2147483647;
			files = (
				F5003C1E293A42730099D31D /* Preview Assets.xcassets in Resources */,
				F5003C1B293A42730099D31D /* Assets.xcassets in Resources */,
			);
			runOnlyForDeploymentPostprocessing = 0;
		};
/* End PBXResourcesBuildPhase section */

/* Begin PBXSourcesBuildPhase section */
		F5003C0F293A426E0099D31D /* Sources */ = {
			isa = PBXSourcesBuildPhase;
			buildActionMask = 2147483647;
			files = (
				F5003C19293A426E0099D31D /* ProfileView.swift in Sources */,
				F5003C17293A426E0099D31D /* LatinPortfolioThingApp.swift in Sources */,
				F5003C2A293A46850099D31D /* WorkData.swift in Sources */,
				F5003C28293A43FA0099D31D /* Work.swift in Sources */,
				F5003C2E293A4E900099D31D /* WorkDetailView.swift in Sources */,
				F5003C2C293A4C4C0099D31D /* WorksListView.swift in Sources */,
			);
			runOnlyForDeploymentPostprocessing = 0;
		};
/* End PBXSourcesBuildPhase section */

/* Begin XCBuildConfiguration section */
		F5003C1F293A42730099D31D /* Debug */ = {
			isa = XCBuildConfiguration;
			buildSettings = {
				ALWAYS_SEARCH_USER_PATHS = NO;
				CLANG_ANALYZER_NONNULL = YES;
				CLANG_ANALYZER_NUMBER_OBJECT_CONVERSION = YES_AGGRESSIVE;
				CLANG_CXX_LANGUAGE_STANDARD = "gnu++20";
				CLANG_ENABLE_MODULES = YES;
				CLANG_ENABLE_OBJC_ARC = YES;
				CLANG_ENABLE_OBJC_WEAK = YES;
				CLANG_WARN_BLOCK_CAPTURE_AUTORELEASING = YES;
				CLANG_WARN_BOOL_CONVERSION = YES;
				CLANG_WARN_COMMA = YES;
				CLANG_WARN_CONSTANT_CONVERSION = YES;
				CLANG_WARN_DEPRECATED_OBJC_IMPLEMENTATIONS = YES;
				CLANG_WARN_DIRECT_OBJC_ISA_USAGE = YES_ERROR;
				CLANG_WARN_DOCUMENTATION_COMMENTS = YES;
				CLANG_WARN_EMPTY_BODY = YES;
				CLANG_WARN_ENUM_CONVERSION = YES;
				CLANG_WARN_INFINITE_RECURSION = YES;
				CLANG_WARN_INT_CONVERSION = YES;
				CLANG_WARN_NON_LITERAL_NULL_CONVERSION = YES;
				CLANG_WARN_OBJC_IMPLICIT_RETAIN_SELF = YES;
				CLANG_WARN_OBJC_LITERAL_CONVERSION = YES;
				CLANG_WARN_OBJC_ROOT_CLASS = YES_ERROR;
				CLANG_WARN_QUOTED_INCLUDE_IN_FRAMEWORK_HEADER = YES;
				CLANG_WARN_RANGE_LOOP_ANALYSIS = YES;
				CLANG_WARN_STRICT_PROTOTYPES = YES;
				CLANG_WARN_SUSPICIOUS_MOVE = YES;
				CLANG_WARN_UNGUARDED_AVAILABILITY = YES_AGGRESSIVE;
				CLANG_WARN_UNREACHABLE_CODE = YES;
				CLANG_WARN__DUPLICATE_METHOD_MATCH = YES;
				COPY_PHASE_STRIP = NO;
				DEBUG_INFORMATION_FORMAT = dwarf;
				ENABLE_STRICT_OBJC_MSGSEND = YES;
				ENABLE_TESTABILITY = YES;
				GCC_C_LANGUAGE_STANDARD = gnu11;
				GCC_DYNAMIC_NO_PIC = NO;
				GCC_NO_COMMON_BLOCKS = YES;
				GCC_OPTIMIZATION_LEVEL = 0;
				GCC_PREPROCESSOR_DEFINITIONS = (
					"DEBUG=1",
					"$(inherited)",
				);
				GCC_WARN_64_TO_32_BIT_CONVERSION = YES;
				GCC_WARN_ABOUT_RETURN_TYPE = YES_ERROR;
				GCC_WARN_UNDECLARED_SELECTOR = YES;
				GCC_WARN_UNINITIALIZED_AUTOS = YES_AGGRESSIVE;
				GCC_WARN_UNUSED_FUNCTION = YES;
				GCC_WARN_UNUSED_VARIABLE = YES;
				IPHONEOS_DEPLOYMENT_TARGET = 16.0;
				MTL_ENABLE_DEBUG_INFO = INCLUDE_SOURCE;
				MTL_FAST_MATH = YES;
				ONLY_ACTIVE_ARCH = YES;
				SDKROOT = iphoneos;
				SWIFT_ACTIVE_COMPILATION_CONDITIONS = DEBUG;
				SWIFT_OPTIMIZATION_LEVEL = "-Onone";
			};
			name = Debug;
		};
		F5003C20293A42730099D31D /* Release */ = {
			isa = XCBuildConfiguration;
			buildSettings = {
				ALWAYS_SEARCH_USER_PATHS = NO;
				CLANG_ANALYZER_NONNULL = YES;
				CLANG_ANALYZER_NUMBER_OBJECT_CONVERSION = YES_AGGRESSIVE;
				CLANG_CXX_LANGUAGE_STANDARD = "gnu++20";
				CLANG_ENABLE_MODULES = YES;
				CLANG_ENABLE_OBJC_ARC = YES;
				CLANG_ENABLE_OBJC_WEAK = YES;
				CLANG_WARN_BLOCK_CAPTURE_AUTORELEASING = YES;
				CLANG_WARN_BOOL_CONVERSION = YES;
				CLANG_WARN_COMMA = YES;
				CLANG_WARN_CONSTANT_CONVERSION = YES;
				CLANG_WARN_DEPRECATED_OBJC_IMPLEMENTATIONS = YES;
				CLANG_WARN_DIRECT_OBJC_ISA_USAGE = YES_ERROR;
				CLANG_WARN_DOCUMENTATION_COMMENTS = YES;
				CLANG_WARN_EMPTY_BODY = YES;
				CLANG_WARN_ENUM_CONVERSION = YES;
				CLANG_WARN_INFINITE_RECURSION = YES;
				CLANG_WARN_INT_CONVERSION = YES;
				CLANG_WARN_NON_LITERAL_NULL_CONVERSION = YES;
				CLANG_WARN_OBJC_IMPLICIT_RETAIN_SELF = YES;
				CLANG_WARN_OBJC_LITERAL_CONVERSION = YES;
				CLANG_WARN_OBJC_ROOT_CLASS = YES_ERROR;
				CLANG_WARN_QUOTED_INCLUDE_IN_FRAMEWORK_HEADER = YES;
				CLANG_WARN_RANGE_LOOP_ANALYSIS = YES;
				CLANG_WARN_STRICT_PROTOTYPES = YES;
				CLANG_WARN_SUSPICIOUS_MOVE = YES;
				CLANG_WARN_UNGUARDED_AVAILABILITY = YES_AGGRESSIVE;
				CLANG_WARN_UNREACHABLE_CODE = YES;
				CLANG_WARN__DUPLICATE_METHOD_MATCH = YES;
				COPY_PHASE_STRIP = NO;
				DEBUG_INFORMATION_FORMAT = "dwarf-with-dsym";
				ENABLE_NS_ASSERTIONS = NO;
				ENABLE_STRICT_OBJC_MSGSEND = YES;
				GCC_C_LANGUAGE_STANDARD = gnu11;
				GCC_NO_COMMON_BLOCKS = YES;
				GCC_WARN_64_TO_32_BIT_CONVERSION = YES;
				GCC_WARN_ABOUT_RETURN_TYPE = YES_ERROR;
				GCC_WARN_UNDECLARED_SELECTOR = YES;
				GCC_WARN_UNINITIALIZED_AUTOS = YES_AGGRESSIVE;
				GCC_WARN_UNUSED_FUNCTION = YES;
				GCC_WARN_UNUSED_VARIABLE = YES;
				IPHONEOS_DEPLOYMENT_TARGET = 16.0;
				MTL_ENABLE_DEBUG_INFO = NO;
				MTL_FAST_MATH = YES;
				SDKROOT = iphoneos;
				SWIFT_COMPILATION_MODE = wholemodule;
				SWIFT_OPTIMIZATION_LEVEL = "-O";
				VALIDATE_PRODUCT = YES;
			};
			name = Release;
		};
		F5003C22293A42730099D31D /* Debug */ = {
			isa = XCBuildConfiguration;
			buildSettings = {
				ASSETCATALOG_COMPILER_APPICON_NAME = AppIcon;
				ASSETCATALOG_COMPILER_GLOBAL_ACCENT_COLOR_NAME = AccentColor;
				CODE_SIGN_STYLE = Automatic;
				CURRENT_PROJECT_VERSION = 1;
				DEVELOPMENT_ASSET_PATHS = "\"LatinPortfolioThing/Preview Content\"";
				DEVELOPMENT_TEAM = 6VBLR4JUZZ;
				ENABLE_PREVIEWS = YES;
				GENERATE_INFOPLIST_FILE = YES;
				INFOPLIST_KEY_UIApplicationSceneManifest_Generation = YES;
				INFOPLIST_KEY_UIApplicationSupportsIndirectInputEvents = YES;
				INFOPLIST_KEY_UILaunchScreen_Generation = YES;
				INFOPLIST_KEY_UISupportedInterfaceOrientations_iPad = "UIInterfaceOrientationPortrait UIInterfaceOrientationPortraitUpsideDown UIInterfaceOrientationLandscapeLeft UIInterfaceOrientationLandscapeRight";
				INFOPLIST_KEY_UISupportedInterfaceOrientations_iPhone = "UIInterfaceOrientationPortrait UIInterfaceOrientationLandscapeLeft UIInterfaceOrientationLandscapeRight";
				LD_RUNPATH_SEARCH_PATHS = (
					"$(inherited)",
					"@executable_path/Frameworks",
				);
				MARKETING_VERSION = 1.0;
				PRODUCT_BUNDLE_IDENTIFIER = com.TrentGlimp.LatinPortfolioThing;
				PRODUCT_NAME = "$(TARGET_NAME)";
				SWIFT_EMIT_LOC_STRINGS = YES;
				SWIFT_VERSION = 5.0;
				TARGETED_DEVICE_FAMILY = "1,2";
			};
			name = Debug;
		};
		F5003C23293A42730099D31D /* Release */ = {
			isa = XCBuildConfiguration;
			buildSettings = {
				ASSETCATALOG_COMPILER_APPICON_NAME = AppIcon;
				ASSETCATALOG_COMPILER_GLOBAL_ACCENT_COLOR_NAME = AccentColor;
				CODE_SIGN_STYLE = Automatic;
				CURRENT_PROJECT_VERSION = 1;
				DEVELOPMENT_ASSET_PATHS = "\"LatinPortfolioThing/Preview Content\"";
				DEVELOPMENT_TEAM = 6VBLR4JUZZ;
				ENABLE_PREVIEWS = YES;
				GENERATE_INFOPLIST_FILE = YES;
				INFOPLIST_KEY_UIApplicationSceneManifest_Generation = YES;
				INFOPLIST_KEY_UIApplicationSupportsIndirectInputEvents = YES;
				INFOPLIST_KEY_UILaunchScreen_Generation = YES;
				INFOPLIST_KEY_UISupportedInterfaceOrientations_iPad = "UIInterfaceOrientationPortrait UIInterfaceOrientationPortraitUpsideDown UIInterfaceOrientationLandscapeLeft UIInterfaceOrientationLandscapeRight";
				INFOPLIST_KEY_UISupportedInterfaceOrientations_iPhone = "UIInterfaceOrientationPortrait UIInterfaceOrientationLandscapeLeft UIInterfaceOrientationLandscapeRight";
				LD_RUNPATH_SEARCH_PATHS = (
					"$(inherited)",
					"@executable_path/Frameworks",
				);
				MARKETING_VERSION = 1.0;
				PRODUCT_BUNDLE_IDENTIFIER = com.TrentGlimp.LatinPortfolioThing;
				PRODUCT_NAME = "$(TARGET_NAME)";
				SWIFT_EMIT_LOC_STRINGS = YES;
				SWIFT_VERSION = 5.0;
				TARGETED_DEVICE_FAMILY = "1,2";
			};
			name = Release;
		};
/* End XCBuildConfiguration section */

/* Begin XCConfigurationList section */
		F5003C0E293A426E0099D31D /* Build configuration list for PBXProject "LatinPortfolioThing" */ = {
			isa = XCConfigurationList;
			buildConfigurations = (
				F5003C1F293A42730099D31D /* Debug */,
				F5003C20293A42730099D31D /* Release */,
			);
			defaultConfigurationIsVisible = 0;
			defaultConfigurationName = Release;
		};
		F5003C21293A42730099D31D /* Build configuration list for PBXNativeTarget "LatinPortfolioThing" */ = {
			isa = XCConfigurationList;
			buildConfigurations = (
				F5003C22293A42730099D31D /* Debug */,
				F5003C23293A42730099D31D /* Release */,
			);
			defaultConfigurationIsVisible = 0;
			defaultConfigurationName = Release;
		};
/* End XCConfigurationList section */
	};
	rootObject = F5003C0B293A426E0099D31D /* Project object */;
}
